// !$*UTF8*$!
{
	archiveVersion = 1;
	classes = {
	};
	objectVersion = 51;
	objects = {

/* Begin PBXBuildFile section */
		2AF337E9D3930B06442E2F6A /* Pods_Music_Sharing_AppTests.framework in Frameworks */ = {isa = PBXBuildFile; fileRef = D80B1B1CCD91F47B20743FBA /* Pods_Music_Sharing_AppTests.framework */; };
		8EA13468000B4437BD98475A /* Pods_Music_Sharing_App_Music_Sharing_AppUITests.framework in Frameworks */ = {isa = PBXBuildFile; fileRef = F0A910A7FC1E85F908FD3B13 /* Pods_Music_Sharing_App_Music_Sharing_AppUITests.framework */; };
		D940D8B665E56C9BFC0F6AEE /* Pods_Music_Sharing_App.framework in Frameworks */ = {isa = PBXBuildFile; fileRef = F6394E9FF3A7C30C25D75200 /* Pods_Music_Sharing_App.framework */; };
		EB2C335024C73FAB008524A0 /* DetailsView.m in Sources */ = {isa = PBXBuildFile; fileRef = EB2C334F24C73FAB008524A0 /* DetailsView.m */; };
		EB2C335224C73FCA008524A0 /* DetailsView.xib in Resources */ = {isa = PBXBuildFile; fileRef = EB2C335124C73FCA008524A0 /* DetailsView.xib */; };
		EB2C335524C91A1E008524A0 /* DetailsVC.m in Sources */ = {isa = PBXBuildFile; fileRef = EB2C335424C91A1E008524A0 /* DetailsVC.m */; };
		EB2F8ED824BCD3C000A47685 /* LoginVC.m in Sources */ = {isa = PBXBuildFile; fileRef = EB2F8ED724BCD3C000A47685 /* LoginVC.m */; };
		EB5AF26924BCC36C004270FF /* AppDelegate.m in Sources */ = {isa = PBXBuildFile; fileRef = EB5AF26824BCC36C004270FF /* AppDelegate.m */; };
		EB5AF26C24BCC36C004270FF /* SceneDelegate.m in Sources */ = {isa = PBXBuildFile; fileRef = EB5AF26B24BCC36C004270FF /* SceneDelegate.m */; };
		EB5AF27224BCC36C004270FF /* Main.storyboard in Resources */ = {isa = PBXBuildFile; fileRef = EB5AF27024BCC36C004270FF /* Main.storyboard */; };
		EB5AF27424BCC36D004270FF /* Assets.xcassets in Resources */ = {isa = PBXBuildFile; fileRef = EB5AF27324BCC36D004270FF /* Assets.xcassets */; };
		EB5AF27724BCC36D004270FF /* LaunchScreen.storyboard in Resources */ = {isa = PBXBuildFile; fileRef = EB5AF27524BCC36D004270FF /* LaunchScreen.storyboard */; };
		EB5AF27A24BCC36D004270FF /* main.m in Sources */ = {isa = PBXBuildFile; fileRef = EB5AF27924BCC36D004270FF /* main.m */; };
		EB5AF28424BCC36E004270FF /* Music_Sharing_AppTests.m in Sources */ = {isa = PBXBuildFile; fileRef = EB5AF28324BCC36E004270FF /* Music_Sharing_AppTests.m */; };
		EB5AF28F24BCC36E004270FF /* Music_Sharing_AppUITests.m in Sources */ = {isa = PBXBuildFile; fileRef = EB5AF28E24BCC36E004270FF /* Music_Sharing_AppUITests.m */; };
		EB627B1124BF8B6100F75655 /* SpotifyiOS.framework in Frameworks */ = {isa = PBXBuildFile; fileRef = EB627B1024BF8B6100F75655 /* SpotifyiOS.framework */; };
		EBB1F4DC24BCEF46007BE75C /* SignUpVC.m in Sources */ = {isa = PBXBuildFile; fileRef = EBB1F4DB24BCEF46007BE75C /* SignUpVC.m */; };
		EBB1F4DF24BD02A2007BE75C /* HomeFeedVC.m in Sources */ = {isa = PBXBuildFile; fileRef = EBB1F4DE24BD02A2007BE75C /* HomeFeedVC.m */; };
		EBB1F4E324BD0841007BE75C /* Post.m in Sources */ = {isa = PBXBuildFile; fileRef = EBB1F4E224BD0841007BE75C /* Post.m */; };
		EBB1F4E624BD08D4007BE75C /* User.m in Sources */ = {isa = PBXBuildFile; fileRef = EBB1F4E524BD08D4007BE75C /* User.m */; };
		EBB1F4EB24BD0E3F007BE75C /* PostView.m in Sources */ = {isa = PBXBuildFile; fileRef = EBB1F4EA24BD0E3F007BE75C /* PostView.m */; };
		EBB1F4ED24BD0EB6007BE75C /* PostView.xib in Resources */ = {isa = PBXBuildFile; fileRef = EBB1F4EC24BD0EB6007BE75C /* PostView.xib */; };
		EBB1F4F024BD1110007BE75C /* PostCell.m in Sources */ = {isa = PBXBuildFile; fileRef = EBB1F4EF24BD1110007BE75C /* PostCell.m */; };
		EBBAF18824BDF0B1001C3497 /* ComposeVC.m in Sources */ = {isa = PBXBuildFile; fileRef = EBBAF18724BDF0B1001C3497 /* ComposeVC.m */; };
		EBBAF18D24BE6AC2001C3497 /* InfiniteScrollActivityView.m in Sources */ = {isa = PBXBuildFile; fileRef = EBBAF18C24BE6AC2001C3497 /* InfiniteScrollActivityView.m */; };
		EBCFC89D24C9F7B300C62AEE /* CommentView.m in Sources */ = {isa = PBXBuildFile; fileRef = EBCFC89C24C9F7B300C62AEE /* CommentView.m */; };
		EBCFC89F24C9F7D600C62AEE /* CommentView.xib in Resources */ = {isa = PBXBuildFile; fileRef = EBCFC89E24C9F7D600C62AEE /* CommentView.xib */; };
		EBD636E824C1080700979EBE /* DetailsPlayerVC.m in Sources */ = {isa = PBXBuildFile; fileRef = EBD636E724C1080700979EBE /* DetailsPlayerVC.m */; };
		EBD636EB24C127CE00979EBE /* SpotifyManager.m in Sources */ = {isa = PBXBuildFile; fileRef = EBD636EA24C127CE00979EBE /* SpotifyManager.m */; };
/* End PBXBuildFile section */

/* Begin PBXContainerItemProxy section */
		EB5AF28024BCC36E004270FF /* PBXContainerItemProxy */ = {
			isa = PBXContainerItemProxy;
			containerPortal = EB5AF25C24BCC36C004270FF /* Project object */;
			proxyType = 1;
			remoteGlobalIDString = EB5AF26324BCC36C004270FF;
			remoteInfo = Music_Sharing_App;
		};
		EB5AF28B24BCC36E004270FF /* PBXContainerItemProxy */ = {
			isa = PBXContainerItemProxy;
			containerPortal = EB5AF25C24BCC36C004270FF /* Project object */;
			proxyType = 1;
			remoteGlobalIDString = EB5AF26324BCC36C004270FF;
			remoteInfo = Music_Sharing_App;
		};
/* End PBXContainerItemProxy section */

/* Begin PBXFileReference section */
		1A77D2F5AFC7C8B111C0176C /* Pods-Music_Sharing_App.release.xcconfig */ = {isa = PBXFileReference; includeInIndex = 1; lastKnownFileType = text.xcconfig; name = "Pods-Music_Sharing_App.release.xcconfig"; path = "Target Support Files/Pods-Music_Sharing_App/Pods-Music_Sharing_App.release.xcconfig"; sourceTree = "<group>"; };
		3AE87115237E8FB2B49FBCA2 /* Pods-Music_Sharing_App-Music_Sharing_AppUITests.release.xcconfig */ = {isa = PBXFileReference; includeInIndex = 1; lastKnownFileType = text.xcconfig; name = "Pods-Music_Sharing_App-Music_Sharing_AppUITests.release.xcconfig"; path = "Target Support Files/Pods-Music_Sharing_App-Music_Sharing_AppUITests/Pods-Music_Sharing_App-Music_Sharing_AppUITests.release.xcconfig"; sourceTree = "<group>"; };
		A46114591C5838F1876D53E2 /* Pods-Music_Sharing_App-Music_Sharing_AppUITests.debug.xcconfig */ = {isa = PBXFileReference; includeInIndex = 1; lastKnownFileType = text.xcconfig; name = "Pods-Music_Sharing_App-Music_Sharing_AppUITests.debug.xcconfig"; path = "Target Support Files/Pods-Music_Sharing_App-Music_Sharing_AppUITests/Pods-Music_Sharing_App-Music_Sharing_AppUITests.debug.xcconfig"; sourceTree = "<group>"; };
		A7098075798776BB0F9F64DA /* Pods-Music_Sharing_App.debug.xcconfig */ = {isa = PBXFileReference; includeInIndex = 1; lastKnownFileType = text.xcconfig; name = "Pods-Music_Sharing_App.debug.xcconfig"; path = "Target Support Files/Pods-Music_Sharing_App/Pods-Music_Sharing_App.debug.xcconfig"; sourceTree = "<group>"; };
		C38149145132459E6D17627B /* Pods-Music_Sharing_AppTests.release.xcconfig */ = {isa = PBXFileReference; includeInIndex = 1; lastKnownFileType = text.xcconfig; name = "Pods-Music_Sharing_AppTests.release.xcconfig"; path = "Target Support Files/Pods-Music_Sharing_AppTests/Pods-Music_Sharing_AppTests.release.xcconfig"; sourceTree = "<group>"; };
		D80B1B1CCD91F47B20743FBA /* Pods_Music_Sharing_AppTests.framework */ = {isa = PBXFileReference; explicitFileType = wrapper.framework; includeInIndex = 0; path = Pods_Music_Sharing_AppTests.framework; sourceTree = BUILT_PRODUCTS_DIR; };
		EB2C334E24C73FAB008524A0 /* DetailsView.h */ = {isa = PBXFileReference; lastKnownFileType = sourcecode.c.h; path = DetailsView.h; sourceTree = "<group>"; };
		EB2C334F24C73FAB008524A0 /* DetailsView.m */ = {isa = PBXFileReference; lastKnownFileType = sourcecode.c.objc; path = DetailsView.m; sourceTree = "<group>"; };
		EB2C335124C73FCA008524A0 /* DetailsView.xib */ = {isa = PBXFileReference; lastKnownFileType = file.xib; path = DetailsView.xib; sourceTree = "<group>"; };
		EB2C335324C91A1E008524A0 /* DetailsVC.h */ = {isa = PBXFileReference; lastKnownFileType = sourcecode.c.h; path = DetailsVC.h; sourceTree = "<group>"; };
		EB2C335424C91A1E008524A0 /* DetailsVC.m */ = {isa = PBXFileReference; lastKnownFileType = sourcecode.c.objc; path = DetailsVC.m; sourceTree = "<group>"; };
		EB2F8ED624BCD3C000A47685 /* LoginVC.h */ = {isa = PBXFileReference; lastKnownFileType = sourcecode.c.h; path = LoginVC.h; sourceTree = "<group>"; };
		EB2F8ED724BCD3C000A47685 /* LoginVC.m */ = {isa = PBXFileReference; lastKnownFileType = sourcecode.c.objc; path = LoginVC.m; sourceTree = "<group>"; };
		EB5AF26424BCC36C004270FF /* Music_Sharing_App.app */ = {isa = PBXFileReference; explicitFileType = wrapper.application; includeInIndex = 0; path = Music_Sharing_App.app; sourceTree = BUILT_PRODUCTS_DIR; };
		EB5AF26724BCC36C004270FF /* AppDelegate.h */ = {isa = PBXFileReference; lastKnownFileType = sourcecode.c.h; path = AppDelegate.h; sourceTree = "<group>"; };
		EB5AF26824BCC36C004270FF /* AppDelegate.m */ = {isa = PBXFileReference; lastKnownFileType = sourcecode.c.objc; path = AppDelegate.m; sourceTree = "<group>"; };
		EB5AF26A24BCC36C004270FF /* SceneDelegate.h */ = {isa = PBXFileReference; lastKnownFileType = sourcecode.c.h; path = SceneDelegate.h; sourceTree = "<group>"; };
		EB5AF26B24BCC36C004270FF /* SceneDelegate.m */ = {isa = PBXFileReference; lastKnownFileType = sourcecode.c.objc; path = SceneDelegate.m; sourceTree = "<group>"; };
		EB5AF27124BCC36C004270FF /* Base */ = {isa = PBXFileReference; lastKnownFileType = file.storyboard; name = Base; path = Base.lproj/Main.storyboard; sourceTree = "<group>"; };
		EB5AF27324BCC36D004270FF /* Assets.xcassets */ = {isa = PBXFileReference; lastKnownFileType = folder.assetcatalog; path = Assets.xcassets; sourceTree = "<group>"; };
		EB5AF27624BCC36D004270FF /* Base */ = {isa = PBXFileReference; lastKnownFileType = file.storyboard; name = Base; path = Base.lproj/LaunchScreen.storyboard; sourceTree = "<group>"; };
		EB5AF27824BCC36D004270FF /* Info.plist */ = {isa = PBXFileReference; lastKnownFileType = text.plist.xml; path = Info.plist; sourceTree = "<group>"; };
		EB5AF27924BCC36D004270FF /* main.m */ = {isa = PBXFileReference; lastKnownFileType = sourcecode.c.objc; path = main.m; sourceTree = "<group>"; };
		EB5AF27F24BCC36E004270FF /* Music_Sharing_AppTests.xctest */ = {isa = PBXFileReference; explicitFileType = wrapper.cfbundle; includeInIndex = 0; path = Music_Sharing_AppTests.xctest; sourceTree = BUILT_PRODUCTS_DIR; };
		EB5AF28324BCC36E004270FF /* Music_Sharing_AppTests.m */ = {isa = PBXFileReference; lastKnownFileType = sourcecode.c.objc; path = Music_Sharing_AppTests.m; sourceTree = "<group>"; };
		EB5AF28524BCC36E004270FF /* Info.plist */ = {isa = PBXFileReference; lastKnownFileType = text.plist.xml; path = Info.plist; sourceTree = "<group>"; };
		EB5AF28A24BCC36E004270FF /* Music_Sharing_AppUITests.xctest */ = {isa = PBXFileReference; explicitFileType = wrapper.cfbundle; includeInIndex = 0; path = Music_Sharing_AppUITests.xctest; sourceTree = BUILT_PRODUCTS_DIR; };
		EB5AF28E24BCC36E004270FF /* Music_Sharing_AppUITests.m */ = {isa = PBXFileReference; lastKnownFileType = sourcecode.c.objc; path = Music_Sharing_AppUITests.m; sourceTree = "<group>"; };
		EB5AF29024BCC36E004270FF /* Info.plist */ = {isa = PBXFileReference; lastKnownFileType = text.plist.xml; path = Info.plist; sourceTree = "<group>"; };
		EB627B1024BF8B6100F75655 /* SpotifyiOS.framework */ = {isa = PBXFileReference; lastKnownFileType = wrapper.framework; path = SpotifyiOS.framework; sourceTree = "<group>"; };
		EBB1F4DA24BCEF46007BE75C /* SignUpVC.h */ = {isa = PBXFileReference; lastKnownFileType = sourcecode.c.h; path = SignUpVC.h; sourceTree = "<group>"; };
		EBB1F4DB24BCEF46007BE75C /* SignUpVC.m */ = {isa = PBXFileReference; lastKnownFileType = sourcecode.c.objc; path = SignUpVC.m; sourceTree = "<group>"; };
		EBB1F4DD24BD02A2007BE75C /* HomeFeedVC.h */ = {isa = PBXFileReference; lastKnownFileType = sourcecode.c.h; path = HomeFeedVC.h; sourceTree = "<group>"; };
		EBB1F4DE24BD02A2007BE75C /* HomeFeedVC.m */ = {isa = PBXFileReference; lastKnownFileType = sourcecode.c.objc; path = HomeFeedVC.m; sourceTree = "<group>"; };
		EBB1F4E124BD0841007BE75C /* Post.h */ = {isa = PBXFileReference; lastKnownFileType = sourcecode.c.h; path = Post.h; sourceTree = "<group>"; };
		EBB1F4E224BD0841007BE75C /* Post.m */ = {isa = PBXFileReference; lastKnownFileType = sourcecode.c.objc; path = Post.m; sourceTree = "<group>"; };
		EBB1F4E424BD08D4007BE75C /* User.h */ = {isa = PBXFileReference; lastKnownFileType = sourcecode.c.h; path = User.h; sourceTree = "<group>"; };
		EBB1F4E524BD08D4007BE75C /* User.m */ = {isa = PBXFileReference; lastKnownFileType = sourcecode.c.objc; path = User.m; sourceTree = "<group>"; };
		EBB1F4E924BD0E3F007BE75C /* PostView.h */ = {isa = PBXFileReference; lastKnownFileType = sourcecode.c.h; path = PostView.h; sourceTree = "<group>"; };
		EBB1F4EA24BD0E3F007BE75C /* PostView.m */ = {isa = PBXFileReference; lastKnownFileType = sourcecode.c.objc; path = PostView.m; sourceTree = "<group>"; };
		EBB1F4EC24BD0EB6007BE75C /* PostView.xib */ = {isa = PBXFileReference; lastKnownFileType = file.xib; path = PostView.xib; sourceTree = "<group>"; };
		EBB1F4EE24BD1110007BE75C /* PostCell.h */ = {isa = PBXFileReference; lastKnownFileType = sourcecode.c.h; path = PostCell.h; sourceTree = "<group>"; };
		EBB1F4EF24BD1110007BE75C /* PostCell.m */ = {isa = PBXFileReference; lastKnownFileType = sourcecode.c.objc; path = PostCell.m; sourceTree = "<group>"; };
		EBBAF18624BDF0B1001C3497 /* ComposeVC.h */ = {isa = PBXFileReference; lastKnownFileType = sourcecode.c.h; path = ComposeVC.h; sourceTree = "<group>"; };
		EBBAF18724BDF0B1001C3497 /* ComposeVC.m */ = {isa = PBXFileReference; lastKnownFileType = sourcecode.c.objc; path = ComposeVC.m; sourceTree = "<group>"; };
		EBBAF18B24BE6AC2001C3497 /* InfiniteScrollActivityView.h */ = {isa = PBXFileReference; lastKnownFileType = sourcecode.c.h; path = InfiniteScrollActivityView.h; sourceTree = "<group>"; };
		EBBAF18C24BE6AC2001C3497 /* InfiniteScrollActivityView.m */ = {isa = PBXFileReference; lastKnownFileType = sourcecode.c.objc; path = InfiniteScrollActivityView.m; sourceTree = "<group>"; };
		EBCFC89B24C9F7B300C62AEE /* CommentView.h */ = {isa = PBXFileReference; lastKnownFileType = sourcecode.c.h; path = CommentView.h; sourceTree = "<group>"; };
		EBCFC89C24C9F7B300C62AEE /* CommentView.m */ = {isa = PBXFileReference; lastKnownFileType = sourcecode.c.objc; path = CommentView.m; sourceTree = "<group>"; };
		EBCFC89E24C9F7D600C62AEE /* CommentView.xib */ = {isa = PBXFileReference; lastKnownFileType = file.xib; path = CommentView.xib; sourceTree = "<group>"; };
		EBD636E624C1080700979EBE /* DetailsPlayerVC.h */ = {isa = PBXFileReference; lastKnownFileType = sourcecode.c.h; path = DetailsPlayerVC.h; sourceTree = "<group>"; };
		EBD636E724C1080700979EBE /* DetailsPlayerVC.m */ = {isa = PBXFileReference; lastKnownFileType = sourcecode.c.objc; path = DetailsPlayerVC.m; sourceTree = "<group>"; };
		EBD636E924C127CE00979EBE /* SpotifyManager.h */ = {isa = PBXFileReference; lastKnownFileType = sourcecode.c.h; path = SpotifyManager.h; sourceTree = "<group>"; };
		EBD636EA24C127CE00979EBE /* SpotifyManager.m */ = {isa = PBXFileReference; lastKnownFileType = sourcecode.c.objc; path = SpotifyManager.m; sourceTree = "<group>"; };
		F0A910A7FC1E85F908FD3B13 /* Pods_Music_Sharing_App_Music_Sharing_AppUITests.framework */ = {isa = PBXFileReference; explicitFileType = wrapper.framework; includeInIndex = 0; path = Pods_Music_Sharing_App_Music_Sharing_AppUITests.framework; sourceTree = BUILT_PRODUCTS_DIR; };
		F3E492C508F0FC23DC1638F7 /* Pods-Music_Sharing_AppTests.debug.xcconfig */ = {isa = PBXFileReference; includeInIndex = 1; lastKnownFileType = text.xcconfig; name = "Pods-Music_Sharing_AppTests.debug.xcconfig"; path = "Target Support Files/Pods-Music_Sharing_AppTests/Pods-Music_Sharing_AppTests.debug.xcconfig"; sourceTree = "<group>"; };
		F6394E9FF3A7C30C25D75200 /* Pods_Music_Sharing_App.framework */ = {isa = PBXFileReference; explicitFileType = wrapper.framework; includeInIndex = 0; path = Pods_Music_Sharing_App.framework; sourceTree = BUILT_PRODUCTS_DIR; };
/* End PBXFileReference section */

/* Begin PBXFrameworksBuildPhase section */
		EB5AF26124BCC36C004270FF /* Frameworks */ = {
			isa = PBXFrameworksBuildPhase;
			buildActionMask = 2147483647;
			files = (
				D940D8B665E56C9BFC0F6AEE /* Pods_Music_Sharing_App.framework in Frameworks */,
				EB627B1124BF8B6100F75655 /* SpotifyiOS.framework in Frameworks */,
			);
			runOnlyForDeploymentPostprocessing = 0;
		};
		EB5AF27C24BCC36E004270FF /* Frameworks */ = {
			isa = PBXFrameworksBuildPhase;
			buildActionMask = 2147483647;
			files = (
				2AF337E9D3930B06442E2F6A /* Pods_Music_Sharing_AppTests.framework in Frameworks */,
			);
			runOnlyForDeploymentPostprocessing = 0;
		};
		EB5AF28724BCC36E004270FF /* Frameworks */ = {
			isa = PBXFrameworksBuildPhase;
			buildActionMask = 2147483647;
			files = (
				8EA13468000B4437BD98475A /* Pods_Music_Sharing_App_Music_Sharing_AppUITests.framework in Frameworks */,
			);
			runOnlyForDeploymentPostprocessing = 0;
		};
/* End PBXFrameworksBuildPhase section */

/* Begin PBXGroup section */
		A792130785211EE06B9638A8 /* Pods */ = {
			isa = PBXGroup;
			children = (
				A7098075798776BB0F9F64DA /* Pods-Music_Sharing_App.debug.xcconfig */,
				1A77D2F5AFC7C8B111C0176C /* Pods-Music_Sharing_App.release.xcconfig */,
				A46114591C5838F1876D53E2 /* Pods-Music_Sharing_App-Music_Sharing_AppUITests.debug.xcconfig */,
				3AE87115237E8FB2B49FBCA2 /* Pods-Music_Sharing_App-Music_Sharing_AppUITests.release.xcconfig */,
				F3E492C508F0FC23DC1638F7 /* Pods-Music_Sharing_AppTests.debug.xcconfig */,
				C38149145132459E6D17627B /* Pods-Music_Sharing_AppTests.release.xcconfig */,
			);
			path = Pods;
			sourceTree = "<group>";
		};
		C4D5B282AD4BBDB21E0FB764 /* Frameworks */ = {
			isa = PBXGroup;
			children = (
				EB627B1024BF8B6100F75655 /* SpotifyiOS.framework */,
				F6394E9FF3A7C30C25D75200 /* Pods_Music_Sharing_App.framework */,
				F0A910A7FC1E85F908FD3B13 /* Pods_Music_Sharing_App_Music_Sharing_AppUITests.framework */,
				D80B1B1CCD91F47B20743FBA /* Pods_Music_Sharing_AppTests.framework */,
			);
			name = Frameworks;
			sourceTree = "<group>";
		};
		EB2F8ED524BCD38000A47685 /* View Controllers */ = {
			isa = PBXGroup;
			children = (
				EB2F8ED624BCD3C000A47685 /* LoginVC.h */,
				EB2F8ED724BCD3C000A47685 /* LoginVC.m */,
				EBB1F4DA24BCEF46007BE75C /* SignUpVC.h */,
				EBB1F4DB24BCEF46007BE75C /* SignUpVC.m */,
				EBB1F4DD24BD02A2007BE75C /* HomeFeedVC.h */,
				EBB1F4DE24BD02A2007BE75C /* HomeFeedVC.m */,
				EBBAF18624BDF0B1001C3497 /* ComposeVC.h */,
				EBBAF18724BDF0B1001C3497 /* ComposeVC.m */,
				EBD636E624C1080700979EBE /* DetailsPlayerVC.h */,
				EBD636E724C1080700979EBE /* DetailsPlayerVC.m */,
				EB2C335324C91A1E008524A0 /* DetailsVC.h */,
				EB2C335424C91A1E008524A0 /* DetailsVC.m */,
			);
			path = "View Controllers";
			sourceTree = "<group>";
		};
		EB5AF25B24BCC36C004270FF = {
			isa = PBXGroup;
			children = (
				EB5AF26624BCC36C004270FF /* Music_Sharing_App */,
				EB5AF28224BCC36E004270FF /* Music_Sharing_AppTests */,
				EB5AF28D24BCC36E004270FF /* Music_Sharing_AppUITests */,
				EB5AF26524BCC36C004270FF /* Products */,
				A792130785211EE06B9638A8 /* Pods */,
				C4D5B282AD4BBDB21E0FB764 /* Frameworks */,
			);
			sourceTree = "<group>";
		};
		EB5AF26524BCC36C004270FF /* Products */ = {
			isa = PBXGroup;
			children = (
				EB5AF26424BCC36C004270FF /* Music_Sharing_App.app */,
				EB5AF27F24BCC36E004270FF /* Music_Sharing_AppTests.xctest */,
				EB5AF28A24BCC36E004270FF /* Music_Sharing_AppUITests.xctest */,
			);
			name = Products;
			sourceTree = "<group>";
		};
		EB5AF26624BCC36C004270FF /* Music_Sharing_App */ = {
			isa = PBXGroup;
			children = (
				EBD2A70424C4EB6C00C89B41 /* API */,
				EBB1F4E724BD0E1E007BE75C /* Views */,
				EBB1F4E024BD0800007BE75C /* Models */,
				EB2F8ED524BCD38000A47685 /* View Controllers */,
				EB5AF26724BCC36C004270FF /* AppDelegate.h */,
				EB5AF26824BCC36C004270FF /* AppDelegate.m */,
				EB5AF26A24BCC36C004270FF /* SceneDelegate.h */,
				EB5AF26B24BCC36C004270FF /* SceneDelegate.m */,
				EB5AF27024BCC36C004270FF /* Main.storyboard */,
				EB5AF27324BCC36D004270FF /* Assets.xcassets */,
				EB5AF27524BCC36D004270FF /* LaunchScreen.storyboard */,
				EB5AF27824BCC36D004270FF /* Info.plist */,
				EB5AF27924BCC36D004270FF /* main.m */,
			);
			path = Music_Sharing_App;
			sourceTree = "<group>";
		};
		EB5AF28224BCC36E004270FF /* Music_Sharing_AppTests */ = {
			isa = PBXGroup;
			children = (
				EB5AF28324BCC36E004270FF /* Music_Sharing_AppTests.m */,
				EB5AF28524BCC36E004270FF /* Info.plist */,
			);
			path = Music_Sharing_AppTests;
			sourceTree = "<group>";
		};
		EB5AF28D24BCC36E004270FF /* Music_Sharing_AppUITests */ = {
			isa = PBXGroup;
			children = (
				EB5AF28E24BCC36E004270FF /* Music_Sharing_AppUITests.m */,
				EB5AF29024BCC36E004270FF /* Info.plist */,
			);
			path = Music_Sharing_AppUITests;
			sourceTree = "<group>";
		};
		EBB1F4E024BD0800007BE75C /* Models */ = {
			isa = PBXGroup;
			children = (
				EBB1F4E124BD0841007BE75C /* Post.h */,
				EBB1F4E224BD0841007BE75C /* Post.m */,
				EBB1F4E424BD08D4007BE75C /* User.h */,
				EBB1F4E524BD08D4007BE75C /* User.m */,
			);
			path = Models;
			sourceTree = "<group>";
		};
		EBB1F4E724BD0E1E007BE75C /* Views */ = {
			isa = PBXGroup;
			children = (
				EBB1F4EC24BD0EB6007BE75C /* PostView.xib */,
				EBB1F4E924BD0E3F007BE75C /* PostView.h */,
				EBB1F4EA24BD0E3F007BE75C /* PostView.m */,
				EB2C335124C73FCA008524A0 /* DetailsView.xib */,
				EB2C334E24C73FAB008524A0 /* DetailsView.h */,
				EB2C334F24C73FAB008524A0 /* DetailsView.m */,
				EBCFC89E24C9F7D600C62AEE /* CommentView.xib */,
				EBCFC89B24C9F7B300C62AEE /* CommentView.h */,
				EBCFC89C24C9F7B300C62AEE /* CommentView.m */,
				EBBAF18B24BE6AC2001C3497 /* InfiniteScrollActivityView.h */,
				EBBAF18C24BE6AC2001C3497 /* InfiniteScrollActivityView.m */,
				EBB1F4E824BD0E28007BE75C /* Cells */,
			);
			path = Views;
			sourceTree = "<group>";
		};
		EBB1F4E824BD0E28007BE75C /* Cells */ = {
			isa = PBXGroup;
			children = (
				EBB1F4EE24BD1110007BE75C /* PostCell.h */,
				EBB1F4EF24BD1110007BE75C /* PostCell.m */,
			);
			path = Cells;
			sourceTree = "<group>";
		};
		EBD2A70424C4EB6C00C89B41 /* API */ = {
			isa = PBXGroup;
			children = (
				EBD636E924C127CE00979EBE /* SpotifyManager.h */,
				EBD636EA24C127CE00979EBE /* SpotifyManager.m */,
			);
			path = API;
			sourceTree = "<group>";
		};
/* End PBXGroup section */

/* Begin PBXNativeTarget section */
		EB5AF26324BCC36C004270FF /* Music_Sharing_App */ = {
			isa = PBXNativeTarget;
			buildConfigurationList = EB5AF29324BCC36E004270FF /* Build configuration list for PBXNativeTarget "Music_Sharing_App" */;
			buildPhases = (
				2D4898A2E8E2B0115C8EDC73 /* [CP] Check Pods Manifest.lock */,
				EB5AF26024BCC36C004270FF /* Sources */,
				EB5AF26124BCC36C004270FF /* Frameworks */,
				EB5AF26224BCC36C004270FF /* Resources */,
				68D3F147C44ECAFAFF0BE096 /* [CP] Embed Pods Frameworks */,
			);
			buildRules = (
			);
			dependencies = (
			);
			name = Music_Sharing_App;
			productName = Music_Sharing_App;
			productReference = EB5AF26424BCC36C004270FF /* Music_Sharing_App.app */;
			productType = "com.apple.product-type.application";
		};
		EB5AF27E24BCC36E004270FF /* Music_Sharing_AppTests */ = {
			isa = PBXNativeTarget;
			buildConfigurationList = EB5AF29624BCC36E004270FF /* Build configuration list for PBXNativeTarget "Music_Sharing_AppTests" */;
			buildPhases = (
				F4247D437E0578EDBEA216B5 /* [CP] Check Pods Manifest.lock */,
				EB5AF27B24BCC36E004270FF /* Sources */,
				EB5AF27C24BCC36E004270FF /* Frameworks */,
				EB5AF27D24BCC36E004270FF /* Resources */,
			);
			buildRules = (
			);
			dependencies = (
				EB5AF28124BCC36E004270FF /* PBXTargetDependency */,
			);
			name = Music_Sharing_AppTests;
			productName = Music_Sharing_AppTests;
			productReference = EB5AF27F24BCC36E004270FF /* Music_Sharing_AppTests.xctest */;
			productType = "com.apple.product-type.bundle.unit-test";
		};
		EB5AF28924BCC36E004270FF /* Music_Sharing_AppUITests */ = {
			isa = PBXNativeTarget;
			buildConfigurationList = EB5AF29924BCC36E004270FF /* Build configuration list for PBXNativeTarget "Music_Sharing_AppUITests" */;
			buildPhases = (
				4D91CB3B1C643DDD2428C23A /* [CP] Check Pods Manifest.lock */,
				EB5AF28624BCC36E004270FF /* Sources */,
				EB5AF28724BCC36E004270FF /* Frameworks */,
				EB5AF28824BCC36E004270FF /* Resources */,
				6E41F6CBC864ED64A6653272 /* [CP] Embed Pods Frameworks */,
			);
			buildRules = (
			);
			dependencies = (
				EB5AF28C24BCC36E004270FF /* PBXTargetDependency */,
			);
			name = Music_Sharing_AppUITests;
			productName = Music_Sharing_AppUITests;
			productReference = EB5AF28A24BCC36E004270FF /* Music_Sharing_AppUITests.xctest */;
			productType = "com.apple.product-type.bundle.ui-testing";
		};
/* End PBXNativeTarget section */

/* Begin PBXProject section */
		EB5AF25C24BCC36C004270FF /* Project object */ = {
			isa = PBXProject;
			attributes = {
				LastUpgradeCheck = 1150;
				ORGANIZATIONNAME = "Fabiola E. Robles Vega";
				TargetAttributes = {
					EB5AF26324BCC36C004270FF = {
						CreatedOnToolsVersion = 11.5;
					};
					EB5AF27E24BCC36E004270FF = {
						CreatedOnToolsVersion = 11.5;
						TestTargetID = EB5AF26324BCC36C004270FF;
					};
					EB5AF28924BCC36E004270FF = {
						CreatedOnToolsVersion = 11.5;
						TestTargetID = EB5AF26324BCC36C004270FF;
					};
				};
			};
			buildConfigurationList = EB5AF25F24BCC36C004270FF /* Build configuration list for PBXProject "Music_Sharing_App" */;
			compatibilityVersion = "Xcode 9.3";
			developmentRegion = en;
			hasScannedForEncodings = 0;
			knownRegions = (
				en,
				Base,
			);
			mainGroup = EB5AF25B24BCC36C004270FF;
			productRefGroup = EB5AF26524BCC36C004270FF /* Products */;
			projectDirPath = "";
			projectRoot = "";
			targets = (
				EB5AF26324BCC36C004270FF /* Music_Sharing_App */,
				EB5AF27E24BCC36E004270FF /* Music_Sharing_AppTests */,
				EB5AF28924BCC36E004270FF /* Music_Sharing_AppUITests */,
			);
		};
/* End PBXProject section */

/* Begin PBXResourcesBuildPhase section */
		EB5AF26224BCC36C004270FF /* Resources */ = {
			isa = PBXResourcesBuildPhase;
			buildActionMask = 2147483647;
			files = (
				EB5AF27724BCC36D004270FF /* LaunchScreen.storyboard in Resources */,
				EB5AF27424BCC36D004270FF /* Assets.xcassets in Resources */,
				EBB1F4ED24BD0EB6007BE75C /* PostView.xib in Resources */,
				EB5AF27224BCC36C004270FF /* Main.storyboard in Resources */,
				EBCFC89F24C9F7D600C62AEE /* CommentView.xib in Resources */,
				EB2C335224C73FCA008524A0 /* DetailsView.xib in Resources */,
			);
			runOnlyForDeploymentPostprocessing = 0;
		};
		EB5AF27D24BCC36E004270FF /* Resources */ = {
			isa = PBXResourcesBuildPhase;
			buildActionMask = 2147483647;
			files = (
			);
			runOnlyForDeploymentPostprocessing = 0;
		};
		EB5AF28824BCC36E004270FF /* Resources */ = {
			isa = PBXResourcesBuildPhase;
			buildActionMask = 2147483647;
			files = (
			);
			runOnlyForDeploymentPostprocessing = 0;
		};
/* End PBXResourcesBuildPhase section */

/* Begin PBXShellScriptBuildPhase section */
		2D4898A2E8E2B0115C8EDC73 /* [CP] Check Pods Manifest.lock */ = {
			isa = PBXShellScriptBuildPhase;
			buildActionMask = 2147483647;
			files = (
			);
			inputFileListPaths = (
			);
			inputPaths = (
				"${PODS_PODFILE_DIR_PATH}/Podfile.lock",
				"${PODS_ROOT}/Manifest.lock",
			);
			name = "[CP] Check Pods Manifest.lock";
			outputFileListPaths = (
			);
			outputPaths = (
				"$(DERIVED_FILE_DIR)/Pods-Music_Sharing_App-checkManifestLockResult.txt",
			);
			runOnlyForDeploymentPostprocessing = 0;
			shellPath = /bin/sh;
			shellScript = "diff \"${PODS_PODFILE_DIR_PATH}/Podfile.lock\" \"${PODS_ROOT}/Manifest.lock\" > /dev/null\nif [ $? != 0 ] ; then\n    # print error to STDERR\n    echo \"error: The sandbox is not in sync with the Podfile.lock. Run 'pod install' or update your CocoaPods installation.\" >&2\n    exit 1\nfi\n# This output is used by Xcode 'outputs' to avoid re-running this script phase.\necho \"SUCCESS\" > \"${SCRIPT_OUTPUT_FILE_0}\"\n";
			showEnvVarsInLog = 0;
		};
		4D91CB3B1C643DDD2428C23A /* [CP] Check Pods Manifest.lock */ = {
			isa = PBXShellScriptBuildPhase;
			buildActionMask = 2147483647;
			files = (
			);
			inputFileListPaths = (
			);
			inputPaths = (
				"${PODS_PODFILE_DIR_PATH}/Podfile.lock",
				"${PODS_ROOT}/Manifest.lock",
			);
			name = "[CP] Check Pods Manifest.lock";
			outputFileListPaths = (
			);
			outputPaths = (
				"$(DERIVED_FILE_DIR)/Pods-Music_Sharing_App-Music_Sharing_AppUITests-checkManifestLockResult.txt",
			);
			runOnlyForDeploymentPostprocessing = 0;
			shellPath = /bin/sh;
			shellScript = "diff \"${PODS_PODFILE_DIR_PATH}/Podfile.lock\" \"${PODS_ROOT}/Manifest.lock\" > /dev/null\nif [ $? != 0 ] ; then\n    # print error to STDERR\n    echo \"error: The sandbox is not in sync with the Podfile.lock. Run 'pod install' or update your CocoaPods installation.\" >&2\n    exit 1\nfi\n# This output is used by Xcode 'outputs' to avoid re-running this script phase.\necho \"SUCCESS\" > \"${SCRIPT_OUTPUT_FILE_0}\"\n";
			showEnvVarsInLog = 0;
		};
		68D3F147C44ECAFAFF0BE096 /* [CP] Embed Pods Frameworks */ = {
			isa = PBXShellScriptBuildPhase;
			buildActionMask = 2147483647;
			files = (
			);
			inputFileListPaths = (
				"${PODS_ROOT}/Target Support Files/Pods-Music_Sharing_App/Pods-Music_Sharing_App-frameworks-${CONFIGURATION}-input-files.xcfilelist",
			);
			name = "[CP] Embed Pods Frameworks";
			outputFileListPaths = (
				"${PODS_ROOT}/Target Support Files/Pods-Music_Sharing_App/Pods-Music_Sharing_App-frameworks-${CONFIGURATION}-output-files.xcfilelist",
			);
			runOnlyForDeploymentPostprocessing = 0;
			shellPath = /bin/sh;
			shellScript = "\"${PODS_ROOT}/Target Support Files/Pods-Music_Sharing_App/Pods-Music_Sharing_App-frameworks.sh\"\n";
			showEnvVarsInLog = 0;
		};
		6E41F6CBC864ED64A6653272 /* [CP] Embed Pods Frameworks */ = {
			isa = PBXShellScriptBuildPhase;
			buildActionMask = 2147483647;
			files = (
			);
			inputFileListPaths = (
				"${PODS_ROOT}/Target Support Files/Pods-Music_Sharing_App-Music_Sharing_AppUITests/Pods-Music_Sharing_App-Music_Sharing_AppUITests-frameworks-${CONFIGURATION}-input-files.xcfilelist",
			);
			name = "[CP] Embed Pods Frameworks";
			outputFileListPaths = (
				"${PODS_ROOT}/Target Support Files/Pods-Music_Sharing_App-Music_Sharing_AppUITests/Pods-Music_Sharing_App-Music_Sharing_AppUITests-frameworks-${CONFIGURATION}-output-files.xcfilelist",
			);
			runOnlyForDeploymentPostprocessing = 0;
			shellPath = /bin/sh;
			shellScript = "\"${PODS_ROOT}/Target Support Files/Pods-Music_Sharing_App-Music_Sharing_AppUITests/Pods-Music_Sharing_App-Music_Sharing_AppUITests-frameworks.sh\"\n";
			showEnvVarsInLog = 0;
		};
		F4247D437E0578EDBEA216B5 /* [CP] Check Pods Manifest.lock */ = {
			isa = PBXShellScriptBuildPhase;
			buildActionMask = 2147483647;
			files = (
			);
			inputFileListPaths = (
			);
			inputPaths = (
				"${PODS_PODFILE_DIR_PATH}/Podfile.lock",
				"${PODS_ROOT}/Manifest.lock",
			);
			name = "[CP] Check Pods Manifest.lock";
			outputFileListPaths = (
			);
			outputPaths = (
				"$(DERIVED_FILE_DIR)/Pods-Music_Sharing_AppTests-checkManifestLockResult.txt",
			);
			runOnlyForDeploymentPostprocessing = 0;
			shellPath = /bin/sh;
			shellScript = "diff \"${PODS_PODFILE_DIR_PATH}/Podfile.lock\" \"${PODS_ROOT}/Manifest.lock\" > /dev/null\nif [ $? != 0 ] ; then\n    # print error to STDERR\n    echo \"error: The sandbox is not in sync with the Podfile.lock. Run 'pod install' or update your CocoaPods installation.\" >&2\n    exit 1\nfi\n# This output is used by Xcode 'outputs' to avoid re-running this script phase.\necho \"SUCCESS\" > \"${SCRIPT_OUTPUT_FILE_0}\"\n";
			showEnvVarsInLog = 0;
		};
/* End PBXShellScriptBuildPhase section */

/* Begin PBXSourcesBuildPhase section */
		EB5AF26024BCC36C004270FF /* Sources */ = {
			isa = PBXSourcesBuildPhase;
			buildActionMask = 2147483647;
			files = (
				EBB1F4F024BD1110007BE75C /* PostCell.m in Sources */,
				EBBAF18D24BE6AC2001C3497 /* InfiniteScrollActivityView.m in Sources */,
				EBD636EB24C127CE00979EBE /* SpotifyManager.m in Sources */,
				EBB1F4DC24BCEF46007BE75C /* SignUpVC.m in Sources */,
				EBB1F4E624BD08D4007BE75C /* User.m in Sources */,
				EBCFC89D24C9F7B300C62AEE /* CommentView.m in Sources */,
				EB2C335524C91A1E008524A0 /* DetailsVC.m in Sources */,
				EB2C335024C73FAB008524A0 /* DetailsView.m in Sources */,
				EB5AF26924BCC36C004270FF /* AppDelegate.m in Sources */,
				EBB1F4EB24BD0E3F007BE75C /* PostView.m in Sources */,
				EB2F8ED824BCD3C000A47685 /* LoginVC.m in Sources */,
				EB5AF27A24BCC36D004270FF /* main.m in Sources */,
				EB5AF26C24BCC36C004270FF /* SceneDelegate.m in Sources */,
				EBBAF18824BDF0B1001C3497 /* ComposeVC.m in Sources */,
				EBD636E824C1080700979EBE /* DetailsPlayerVC.m in Sources */,
				EBB1F4DF24BD02A2007BE75C /* HomeFeedVC.m in Sources */,
				EBB1F4E324BD0841007BE75C /* Post.m in Sources */,
			);
			runOnlyForDeploymentPostprocessing = 0;
		};
		EB5AF27B24BCC36E004270FF /* Sources */ = {
			isa = PBXSourcesBuildPhase;
			buildActionMask = 2147483647;
			files = (
				EB5AF28424BCC36E004270FF /* Music_Sharing_AppTests.m in Sources */,
			);
			runOnlyForDeploymentPostprocessing = 0;
		};
		EB5AF28624BCC36E004270FF /* Sources */ = {
			isa = PBXSourcesBuildPhase;
			buildActionMask = 2147483647;
			files = (
				EB5AF28F24BCC36E004270FF /* Music_Sharing_AppUITests.m in Sources */,
			);
			runOnlyForDeploymentPostprocessing = 0;
		};
/* End PBXSourcesBuildPhase section */

/* Begin PBXTargetDependency section */
		EB5AF28124BCC36E004270FF /* PBXTargetDependency */ = {
			isa = PBXTargetDependency;
			target = EB5AF26324BCC36C004270FF /* Music_Sharing_App */;
			targetProxy = EB5AF28024BCC36E004270FF /* PBXContainerItemProxy */;
		};
		EB5AF28C24BCC36E004270FF /* PBXTargetDependency */ = {
			isa = PBXTargetDependency;
			target = EB5AF26324BCC36C004270FF /* Music_Sharing_App */;
			targetProxy = EB5AF28B24BCC36E004270FF /* PBXContainerItemProxy */;
		};
/* End PBXTargetDependency section */

/* Begin PBXVariantGroup section */
		EB5AF27024BCC36C004270FF /* Main.storyboard */ = {
			isa = PBXVariantGroup;
			children = (
				EB5AF27124BCC36C004270FF /* Base */,
			);
			name = Main.storyboard;
			sourceTree = "<group>";
		};
		EB5AF27524BCC36D004270FF /* LaunchScreen.storyboard */ = {
			isa = PBXVariantGroup;
			children = (
				EB5AF27624BCC36D004270FF /* Base */,
			);
			name = LaunchScreen.storyboard;
			sourceTree = "<group>";
		};
/* End PBXVariantGroup section */

/* Begin XCBuildConfiguration section */
		EB5AF29124BCC36E004270FF /* Debug */ = {
			isa = XCBuildConfiguration;
			buildSettings = {
				ALWAYS_SEARCH_USER_PATHS = NO;
				CLANG_ANALYZER_NONNULL = YES;
				CLANG_ANALYZER_NUMBER_OBJECT_CONVERSION = YES_AGGRESSIVE;
				CLANG_CXX_LANGUAGE_STANDARD = "gnu++14";
				CLANG_CXX_LIBRARY = "libc++";
				CLANG_ENABLE_MODULES = YES;
				CLANG_ENABLE_OBJC_ARC = YES;
				CLANG_ENABLE_OBJC_WEAK = YES;
				CLANG_WARN_BLOCK_CAPTURE_AUTORELEASING = YES;
				CLANG_WARN_BOOL_CONVERSION = YES;
				CLANG_WARN_COMMA = YES;
				CLANG_WARN_CONSTANT_CONVERSION = YES;
				CLANG_WARN_DEPRECATED_OBJC_IMPLEMENTATIONS = YES;
				CLANG_WARN_DIRECT_OBJC_ISA_USAGE = YES_ERROR;
				CLANG_WARN_DOCUMENTATION_COMMENTS = YES;
				CLANG_WARN_EMPTY_BODY = YES;
				CLANG_WARN_ENUM_CONVERSION = YES;
				CLANG_WARN_INFINITE_RECURSION = YES;
				CLANG_WARN_INT_CONVERSION = YES;
				CLANG_WARN_NON_LITERAL_NULL_CONVERSION = YES;
				CLANG_WARN_OBJC_IMPLICIT_RETAIN_SELF = YES;
				CLANG_WARN_OBJC_LITERAL_CONVERSION = YES;
				CLANG_WARN_OBJC_ROOT_CLASS = YES_ERROR;
				CLANG_WARN_RANGE_LOOP_ANALYSIS = YES;
				CLANG_WARN_STRICT_PROTOTYPES = YES;
				CLANG_WARN_SUSPICIOUS_MOVE = YES;
				CLANG_WARN_UNGUARDED_AVAILABILITY = YES_AGGRESSIVE;
				CLANG_WARN_UNREACHABLE_CODE = YES;
				CLANG_WARN__DUPLICATE_METHOD_MATCH = YES;
				COPY_PHASE_STRIP = NO;
				DEBUG_INFORMATION_FORMAT = dwarf;
				ENABLE_STRICT_OBJC_MSGSEND = YES;
				ENABLE_TESTABILITY = YES;
				GCC_C_LANGUAGE_STANDARD = gnu11;
				GCC_DYNAMIC_NO_PIC = NO;
				GCC_NO_COMMON_BLOCKS = YES;
				GCC_OPTIMIZATION_LEVEL = 0;
				GCC_PREPROCESSOR_DEFINITIONS = (
					"DEBUG=1",
					"$(inherited)",
				);
				GCC_WARN_64_TO_32_BIT_CONVERSION = YES;
				GCC_WARN_ABOUT_RETURN_TYPE = YES_ERROR;
				GCC_WARN_UNDECLARED_SELECTOR = YES;
				GCC_WARN_UNINITIALIZED_AUTOS = YES_AGGRESSIVE;
				GCC_WARN_UNUSED_FUNCTION = YES;
				GCC_WARN_UNUSED_VARIABLE = YES;
				IPHONEOS_DEPLOYMENT_TARGET = 13.5;
				MTL_ENABLE_DEBUG_INFO = INCLUDE_SOURCE;
				MTL_FAST_MATH = YES;
				ONLY_ACTIVE_ARCH = YES;
				SDKROOT = iphoneos;
			};
			name = Debug;
		};
		EB5AF29224BCC36E004270FF /* Release */ = {
			isa = XCBuildConfiguration;
			buildSettings = {
				ALWAYS_SEARCH_USER_PATHS = NO;
				CLANG_ANALYZER_NONNULL = YES;
				CLANG_ANALYZER_NUMBER_OBJECT_CONVERSION = YES_AGGRESSIVE;
				CLANG_CXX_LANGUAGE_STANDARD = "gnu++14";
				CLANG_CXX_LIBRARY = "libc++";
				CLANG_ENABLE_MODULES = YES;
				CLANG_ENABLE_OBJC_ARC = YES;
				CLANG_ENABLE_OBJC_WEAK = YES;
				CLANG_WARN_BLOCK_CAPTURE_AUTORELEASING = YES;
				CLANG_WARN_BOOL_CONVERSION = YES;
				CLANG_WARN_COMMA = YES;
				CLANG_WARN_CONSTANT_CONVERSION = YES;
				CLANG_WARN_DEPRECATED_OBJC_IMPLEMENTATIONS = YES;
				CLANG_WARN_DIRECT_OBJC_ISA_USAGE = YES_ERROR;
				CLANG_WARN_DOCUMENTATION_COMMENTS = YES;
				CLANG_WARN_EMPTY_BODY = YES;
				CLANG_WARN_ENUM_CONVERSION = YES;
				CLANG_WARN_INFINITE_RECURSION = YES;
				CLANG_WARN_INT_CONVERSION = YES;
				CLANG_WARN_NON_LITERAL_NULL_CONVERSION = YES;
				CLANG_WARN_OBJC_IMPLICIT_RETAIN_SELF = YES;
				CLANG_WARN_OBJC_LITERAL_CONVERSION = YES;
				CLANG_WARN_OBJC_ROOT_CLASS = YES_ERROR;
				CLANG_WARN_RANGE_LOOP_ANALYSIS = YES;
				CLANG_WARN_STRICT_PROTOTYPES = YES;
				CLANG_WARN_SUSPICIOUS_MOVE = YES;
				CLANG_WARN_UNGUARDED_AVAILABILITY = YES_AGGRESSIVE;
				CLANG_WARN_UNREACHABLE_CODE = YES;
				CLANG_WARN__DUPLICATE_METHOD_MATCH = YES;
				COPY_PHASE_STRIP = NO;
				DEBUG_INFORMATION_FORMAT = "dwarf-with-dsym";
				ENABLE_NS_ASSERTIONS = NO;
				ENABLE_STRICT_OBJC_MSGSEND = YES;
				GCC_C_LANGUAGE_STANDARD = gnu11;
				GCC_NO_COMMON_BLOCKS = YES;
				GCC_WARN_64_TO_32_BIT_CONVERSION = YES;
				GCC_WARN_ABOUT_RETURN_TYPE = YES_ERROR;
				GCC_WARN_UNDECLARED_SELECTOR = YES;
				GCC_WARN_UNINITIALIZED_AUTOS = YES_AGGRESSIVE;
				GCC_WARN_UNUSED_FUNCTION = YES;
				GCC_WARN_UNUSED_VARIABLE = YES;
				IPHONEOS_DEPLOYMENT_TARGET = 13.5;
				MTL_ENABLE_DEBUG_INFO = NO;
				MTL_FAST_MATH = YES;
				SDKROOT = iphoneos;
				VALIDATE_PRODUCT = YES;
			};
			name = Release;
		};
		EB5AF29424BCC36E004270FF /* Debug */ = {
			isa = XCBuildConfiguration;
			baseConfigurationReference = A7098075798776BB0F9F64DA /* Pods-Music_Sharing_App.debug.xcconfig */;
			buildSettings = {
				ASSETCATALOG_COMPILER_APPICON_NAME = AppIcon;
				CODE_SIGN_STYLE = Automatic;
				DEVELOPMENT_TEAM = 9STP6M4864;
				FRAMEWORK_SEARCH_PATHS = (
					"$(inherited)",
					"$(PROJECT_DIR)",
				);
				INFOPLIST_FILE = Music_Sharing_App/Info.plist;
				LD_RUNPATH_SEARCH_PATHS = (
					"$(inherited)",
					"@executable_path/Frameworks",
				);
				OTHER_LDFLAGS = (
					"$(inherited)",
					"-l\"sqlite3\"",
					"-l\"z\"",
					"-framework",
					"\"AudioToolbox\"",
					"-framework",
					"\"Bolts\"",
					"-framework",
					"\"CFNetwork\"",
					"-framework",
					"\"CoreGraphics\"",
					"-framework",
					"\"CoreLocation\"",
					"-framework",
					"\"DateTools\"",
					"-framework",
					"\"Foundation\"",
					"-framework",
					"\"Parse\"",
					"-framework",
					"\"QuartzCore\"",
					"-framework",
					"\"Security\"",
					"-framework",
					"\"StoreKit\"",
					"-framework",
					"\"SystemConfiguration\"",
					"-framework",
					"\"UIKit\"",
					"-weak_framework",
					"\"Accounts\"",
					"-weak_framework",
					"\"Social\"",
					"-ObjC",
				);
				PRODUCT_BUNDLE_IDENTIFIER = "com.fabiolarobles19.Music-Sharing-App";
				PRODUCT_NAME = "$(TARGET_NAME)";
				TARGETED_DEVICE_FAMILY = "1,2";
			};
			name = Debug;
		};
		EB5AF29524BCC36E004270FF /* Release */ = {
			isa = XCBuildConfiguration;
			baseConfigurationReference = 1A77D2F5AFC7C8B111C0176C /* Pods-Music_Sharing_App.release.xcconfig */;
			buildSettings = {
				ASSETCATALOG_COMPILER_APPICON_NAME = AppIcon;
				CODE_SIGN_STYLE = Automatic;
				DEVELOPMENT_TEAM = 9STP6M4864;
				FRAMEWORK_SEARCH_PATHS = (
					"$(inherited)",
					"$(PROJECT_DIR)",
				);
				INFOPLIST_FILE = Music_Sharing_App/Info.plist;
				LD_RUNPATH_SEARCH_PATHS = (
					"$(inherited)",
					"@executable_path/Frameworks",
				);
				OTHER_LDFLAGS = (
					"$(inherited)",
					"-l\"sqlite3\"",
					"-l\"z\"",
					"-framework",
					"\"AudioToolbox\"",
					"-framework",
					"\"Bolts\"",
					"-framework",
					"\"CFNetwork\"",
					"-framework",
					"\"CoreGraphics\"",
					"-framework",
					"\"CoreLocation\"",
					"-framework",
					"\"DateTools\"",
					"-framework",
					"\"Foundation\"",
					"-framework",
					"\"Parse\"",
					"-framework",
					"\"QuartzCore\"",
					"-framework",
					"\"Security\"",
					"-framework",
					"\"StoreKit\"",
					"-framework",
					"\"SystemConfiguration\"",
					"-framework",
					"\"UIKit\"",
					"-weak_framework",
					"\"Accounts\"",
					"-weak_framework",
					"\"Social\"",
					"-ObjC",
				);
				PRODUCT_BUNDLE_IDENTIFIER = "com.fabiolarobles19.Music-Sharing-App";
				PRODUCT_NAME = "$(TARGET_NAME)";
				TARGETED_DEVICE_FAMILY = "1,2";
			};
			name = Release;
		};
		EB5AF29724BCC36E004270FF /* Debug */ = {
			isa = XCBuildConfiguration;
			baseConfigurationReference = F3E492C508F0FC23DC1638F7 /* Pods-Music_Sharing_AppTests.debug.xcconfig */;
			buildSettings = {
				BUNDLE_LOADER = "$(TEST_HOST)";
				CODE_SIGN_STYLE = Automatic;
				INFOPLIST_FILE = Music_Sharing_AppTests/Info.plist;
				IPHONEOS_DEPLOYMENT_TARGET = 13.5;
				LD_RUNPATH_SEARCH_PATHS = (
					"$(inherited)",
					"@executable_path/Frameworks",
					"@loader_path/Frameworks",
				);
				PRODUCT_BUNDLE_IDENTIFIER = "com.fabiolarobles19.Music-Sharing-AppTests";
				PRODUCT_NAME = "$(TARGET_NAME)";
				TARGETED_DEVICE_FAMILY = "1,2";
				TEST_HOST = "$(BUILT_PRODUCTS_DIR)/Music_Sharing_App.app/Music_Sharing_App";
			};
			name = Debug;
		};
		EB5AF29824BCC36E004270FF /* Release */ = {
			isa = XCBuildConfiguration;
			baseConfigurationReference = C38149145132459E6D17627B /* Pods-Music_Sharing_AppTests.release.xcconfig */;
			buildSettings = {
				BUNDLE_LOADER = "$(TEST_HOST)";
				CODE_SIGN_STYLE = Automatic;
				INFOPLIST_FILE = Music_Sharing_AppTests/Info.plist;
				IPHONEOS_DEPLOYMENT_TARGET = 13.5;
				LD_RUNPATH_SEARCH_PATHS = (
					"$(inherited)",
					"@executable_path/Frameworks",
					"@loader_path/Frameworks",
				);
				PRODUCT_BUNDLE_IDENTIFIER = "com.fabiolarobles19.Music-Sharing-AppTests";
				PRODUCT_NAME = "$(TARGET_NAME)";
				TARGETED_DEVICE_FAMILY = "1,2";
				TEST_HOST = "$(BUILT_PRODUCTS_DIR)/Music_Sharing_App.app/Music_Sharing_App";
			};
			name = Release;
		};
		EB5AF29A24BCC36E004270FF /* Debug */ = {
			isa = XCBuildConfiguration;
			baseConfigurationReference = A46114591C5838F1876D53E2 /* Pods-Music_Sharing_App-Music_Sharing_AppUITests.debug.xcconfig */;
			buildSettings = {
				CODE_SIGN_STYLE = Automatic;
				INFOPLIST_FILE = Music_Sharing_AppUITests/Info.plist;
				LD_RUNPATH_SEARCH_PATHS = (
					"$(inherited)",
					"@executable_path/Frameworks",
					"@loader_path/Frameworks",
				);
				PRODUCT_BUNDLE_IDENTIFIER = "com.fabiolarobles19.Music-Sharing-AppUITests";
				PRODUCT_NAME = "$(TARGET_NAME)";
				TARGETED_DEVICE_FAMILY = "1,2";
				TEST_TARGET_NAME = Music_Sharing_App;
			};
			name = Debug;
		};
		EB5AF29B24BCC36E004270FF /* Release */ = {
			isa = XCBuildConfiguration;
			baseConfigurationReference = 3AE87115237E8FB2B49FBCA2 /* Pods-Music_Sharing_App-Music_Sharing_AppUITests.release.xcconfig */;
			buildSettings = {
				CODE_SIGN_STYLE = Automatic;
				INFOPLIST_FILE = Music_Sharing_AppUITests/Info.plist;
				LD_RUNPATH_SEARCH_PATHS = (
					"$(inherited)",
					"@executable_path/Frameworks",
					"@loader_path/Frameworks",
				);
				PRODUCT_BUNDLE_IDENTIFIER = "com.fabiolarobles19.Music-Sharing-AppUITests";
				PRODUCT_NAME = "$(TARGET_NAME)";
				TARGETED_DEVICE_FAMILY = "1,2";
				TEST_TARGET_NAME = Music_Sharing_App;
			};
			name = Release;
		};
/* End XCBuildConfiguration section */

/* Begin XCConfigurationList section */
		EB5AF25F24BCC36C004270FF /* Build configuration list for PBXProject "Music_Sharing_App" */ = {
			isa = XCConfigurationList;
			buildConfigurations = (
				EB5AF29124BCC36E004270FF /* Debug */,
				EB5AF29224BCC36E004270FF /* Release */,
			);
			defaultConfigurationIsVisible = 0;
			defaultConfigurationName = Release;
		};
		EB5AF29324BCC36E004270FF /* Build configuration list for PBXNativeTarget "Music_Sharing_App" */ = {
			isa = XCConfigurationList;
			buildConfigurations = (
				EB5AF29424BCC36E004270FF /* Debug */,
				EB5AF29524BCC36E004270FF /* Release */,
			);
			defaultConfigurationIsVisible = 0;
			defaultConfigurationName = Release;
		};
		EB5AF29624BCC36E004270FF /* Build configuration list for PBXNativeTarget "Music_Sharing_AppTests" */ = {
			isa = XCConfigurationList;
			buildConfigurations = (
				EB5AF29724BCC36E004270FF /* Debug */,
				EB5AF29824BCC36E004270FF /* Release */,
			);
			defaultConfigurationIsVisible = 0;
			defaultConfigurationName = Release;
		};
		EB5AF29924BCC36E004270FF /* Build configuration list for PBXNativeTarget "Music_Sharing_AppUITests" */ = {
			isa = XCConfigurationList;
			buildConfigurations = (
				EB5AF29A24BCC36E004270FF /* Debug */,
				EB5AF29B24BCC36E004270FF /* Release */,
			);
			defaultConfigurationIsVisible = 0;
			defaultConfigurationName = Release;
		};
/* End XCConfigurationList section */
	};
	rootObject = EB5AF25C24BCC36C004270FF /* Project object */;
}
